dependencies:
- name: asa-manager
  repository: file://../asa-manager
  version: 0.1.1
- name: config
  repository: file://../config
  version: 0.1.1
- name: device-telemetry
  repository: file://../device-telemetry
  version: 0.1.0
- name: identity-gateway
  repository: file://../identity-gateway
  version: 0.1.0
- name: iothub-manager
  repository: file://../iothub-manager
  version: 0.1.0
- name: storage-adapter
  repository: file://../storage-adapter
  version: 0.1.0
- name: tenant-manager
  repository: file://../tenant-manager
  version: 0.1.0
- name: webui
  repository: file://../webui
  version: 0.1.0
- name: reverse-proxy
  repository: file://../reverse-proxy
  version: 0.1.0
digest: sha256:dee407e82e4240da3996bf189759d0071e36ecad0576862105bc7b080c97b957
generated: "2020-02-04T10:44:28.7803769-06:00"
